
Microsoft Visual Studio Solution File, Format Version 12.00
# Visual Studio 15
VisualStudioVersion = 15.0.28307.1500
MinimumVisualStudioVersion = 10.0.40219.1
Project("{FAE04EC0-301F-11D3-BF4B-00C04F79EFBC}") = "TEST", "TEST\TEST.csproj", "{11FF962A-E1A2-4D5F-B81F-B566DDF8567A}"
EndProject
Global
	GlobalSection(SolutionConfigurationPlatforms) = preSolution
		Debug|Any CPU = Debug|Any CPU
		Release|Any CPU = Release|Any CPU
	EndGlobalSection
	GlobalSection(ProjectConfigurationPlatforms) = postSolution
		{11FF962A-E1A2-4D5F-B81F-B566DDF8567A}.Debug|Any CPU.ActiveCfg = Debug|Any CPU
		{11FF962A-E1A2-4D5F-B81F-B566DDF8567A}.Debug|Any CPU.Build.0 = Debug|Any CPU
		{11FF962A-E1A2-4D5F-B81F-B566DDF8567A}.Release|Any CPU.ActiveCfg = Release|Any CPU
		{11FF962A-E1A2-4D5F-B81F-B566DDF8567A}.Release|Any CPU.Build.0 = Release|Any CPU
	EndGlobalSection
	GlobalSection(SolutionProperties) = preSolution
		HideSolutionNode = FALSE
	EndGlobalSection
	GlobalSection(ExtensibilityGlobals) = postSolution
		SolutionGuid = {F1A768FB-60A9-4187-AC59-6483DDEB732C}
	EndGlobalSection
EndGlobal
